// !$*UTF8*$!
{
	archiveVersion = 1;
	classes = {
	};
	objectVersion = 42;
	objects = {

/* Begin PBXBuildFile section */
		AD48204510C4CF6A00865987 /* Carbon.framework in Frameworks */ = {isa = PBXBuildFile; fileRef = AD48204410C4CF6A00865987 /* Carbon.framework */; };
		AD945F9D10B65ED100DBDA5B /* NSDate_Additions.h in Headers */ = {isa = PBXBuildFile; fileRef = AD945F9B10B65ED100DBDA5B /* NSDate_Additions.h */; };
		AD945F9E10B65ED100DBDA5B /* NSDate_Additions.m in Sources */ = {isa = PBXBuildFile; fileRef = AD945F9C10B65ED100DBDA5B /* NSDate_Additions.m */; };
		ADA2EDD110CC7DCB009051D5 /* BuildNumber.h in Headers */ = {isa = PBXBuildFile; fileRef = ADA2EDD010CC7DCB009051D5 /* BuildNumber.h */; };
		ADA2EEEE10CC862C009051D5 /* libjpen-2-2.jnilib in CopyFiles */ = {isa = PBXBuildFile; fileRef = ADD73C880FFAF320000FFF71 /* libjpen-2-2.jnilib */; };
		ADD73C480FFAEEB1000FFF71 /* JRSwizzle.h in Headers */ = {isa = PBXBuildFile; fileRef = ADD73C450FFAEEB1000FFF71 /* JRSwizzle.h */; };
		ADD73C490FFAEEB1000FFF71 /* JRSwizzle.m in Sources */ = {isa = PBXBuildFile; fileRef = ADD73C460FFAEEB1000FFF71 /* JRSwizzle.m */; };
		ADD73C4A0FFAEEB1000FFF71 /* osx_push_provider.m in Sources */ = {isa = PBXBuildFile; fileRef = ADD73C470FFAEEB1000FFF71 /* osx_push_provider.m */; };
		ADD73C8F0FFAF33E000FFF71 /* libjpen-2-2.jnilib in Copy Files to Java Extensions */ = {isa = PBXBuildFile; fileRef = ADD73C880FFAF320000FFF71 /* libjpen-2-2.jnilib */; };
		FDC2546C0EC52A7A00984EE2 /* Cocoa.framework in Frameworks */ = {isa = PBXBuildFile; fileRef = FDC2546A0EC52A7A00984EE2 /* Cocoa.framework */; };
		FDC2546D0EC52A7A00984EE2 /* JavaVM.framework in Frameworks */ = {isa = PBXBuildFile; fileRef = FDC2546B0EC52A7A00984EE2 /* JavaVM.framework */; };
/* End PBXBuildFile section */

/* Begin PBXCopyFilesBuildPhase section */
		AD614C9D0FA610F400266935 /* Copy Files to Java Extensions */ = {
			isa = PBXCopyFilesBuildPhase;
			buildActionMask = 12;
			dstPath = "~/Library/Java/Extensions";
			dstSubfolderSpec = 0;
			files = (
				ADD73C8F0FFAF33E000FFF71 /* libjpen-2-2.jnilib in Copy Files to Java Extensions */,
			);
			name = "Copy Files to Java Extensions";
			runOnlyForDeploymentPostprocessing = 0;
		};
		ADA2EEE910CC85BA009051D5 /* CopyFiles */ = {
			isa = PBXCopyFilesBuildPhase;
			buildActionMask = 12;
			dstPath = "/Users/marcello/Documents/workspace-marcello/jpen/users/marcello3d/osx-build";
			dstSubfolderSpec = 0;
			files = (
				ADA2EEEE10CC862C009051D5 /* libjpen-2-2.jnilib in CopyFiles */,
			);
			runOnlyForDeploymentPostprocessing = 0;
		};
/* End PBXCopyFilesBuildPhase section */

/* Begin PBXFileReference section */
		AD48204410C4CF6A00865987 /* Carbon.framework */ = {isa = PBXFileReference; lastKnownFileType = wrapper.framework; name = Carbon.framework; path = System/Library/Frameworks/Carbon.framework; sourceTree = SDKROOT; };
		AD945F9B10B65ED100DBDA5B /* NSDate_Additions.h */ = {isa = PBXFileReference; fileEncoding = 4; lastKnownFileType = sourcecode.c.h; name = NSDate_Additions.h; path = src/main/c/osx/NSDate_Additions.h; sourceTree = "<group>"; };
		AD945F9C10B65ED100DBDA5B /* NSDate_Additions.m */ = {isa = PBXFileReference; fileEncoding = 4; lastKnownFileType = sourcecode.c.objc; name = NSDate_Additions.m; path = src/main/c/osx/NSDate_Additions.m; sourceTree = "<group>"; };
		ADA2EDD010CC7DCB009051D5 /* BuildNumber.h */ = {isa = PBXFileReference; fileEncoding = 4; lastKnownFileType = sourcecode.c.h; name = BuildNumber.h; path = src/main/c/osx/BuildNumber.h; sourceTree = "<group>"; };
		ADD73C450FFAEEB1000FFF71 /* JRSwizzle.h */ = {isa = PBXFileReference; fileEncoding = 4; lastKnownFileType = sourcecode.c.h; name = JRSwizzle.h; path = src/main/c/osx/JRSwizzle.h; sourceTree = "<group>"; };
		ADD73C460FFAEEB1000FFF71 /* JRSwizzle.m */ = {isa = PBXFileReference; fileEncoding = 4; lastKnownFileType = sourcecode.c.objc; name = JRSwizzle.m; path = src/main/c/osx/JRSwizzle.m; sourceTree = "<group>"; };
		ADD73C470FFAEEB1000FFF71 /* osx_push_provider.m */ = {isa = PBXFileReference; fileEncoding = 4; lastKnownFileType = sourcecode.c.objc; name = osx_push_provider.m; path = src/main/c/osx/osx_push_provider.m; sourceTree = "<group>"; };
		ADD73C880FFAF320000FFF71 /* libjpen-2-2.jnilib */ = {isa = PBXFileReference; explicitFileType = "compiled.mach-o.dylib"; includeInIndex = 0; path = "libjpen-2-2.jnilib"; sourceTree = BUILT_PRODUCTS_DIR; };
		FDC2546A0EC52A7A00984EE2 /* Cocoa.framework */ = {isa = PBXFileReference; lastKnownFileType = wrapper.framework; name = Cocoa.framework; path = /System/Library/Frameworks/Cocoa.framework; sourceTree = "<absolute>"; };
		FDC2546B0EC52A7A00984EE2 /* JavaVM.framework */ = {isa = PBXFileReference; lastKnownFileType = wrapper.framework; name = JavaVM.framework; path = /System/Library/Frameworks/JavaVM.framework; sourceTree = "<absolute>"; };
/* End PBXFileReference section */

/* Begin PBXFrameworksBuildPhase section */
		FDC254490EC5286700984EE2 /* Frameworks */ = {
			isa = PBXFrameworksBuildPhase;
			buildActionMask = 2147483647;
			files = (
				FDC2546C0EC52A7A00984EE2 /* Cocoa.framework in Frameworks */,
				FDC2546D0EC52A7A00984EE2 /* JavaVM.framework in Frameworks */,
				AD48204510C4CF6A00865987 /* Carbon.framework in Frameworks */,
			);
			runOnlyForDeploymentPostprocessing = 0;
		};
/* End PBXFrameworksBuildPhase section */

/* Begin PBXGroup section */
		FDC252A20EC51E7600984EE2 = {
			isa = PBXGroup;
			children = (
				FDC252B00EC51E9600984EE2 /* Cocoa Sources */,
				FDC252B10EC51EA000984EE2 /* Java Sources */,
				FDC2546E0EC52A9A00984EE2 /* Frameworks */,
				FDC253270EC5226500984EE2 /* Resources */,
				FDC252BF0EC51FEA00984EE2 /* Products */,
			);
			sourceTree = "<group>";
		};
		FDC252B00EC51E9600984EE2 /* Cocoa Sources */ = {
			isa = PBXGroup;
			children = (
				ADA2EDD010CC7DCB009051D5 /* BuildNumber.h */,
				ADD73C450FFAEEB1000FFF71 /* JRSwizzle.h */,
				ADD73C460FFAEEB1000FFF71 /* JRSwizzle.m */,
				ADD73C470FFAEEB1000FFF71 /* osx_push_provider.m */,
				AD945F9B10B65ED100DBDA5B /* NSDate_Additions.h */,
				AD945F9C10B65ED100DBDA5B /* NSDate_Additions.m */,
			);
			name = "Cocoa Sources";
			sourceTree = "<group>";
		};
		FDC252B10EC51EA000984EE2 /* Java Sources */ = {
			isa = PBXGroup;
			children = (
			);
			name = "Java Sources";
			sourceTree = "<group>";
		};
		FDC252BF0EC51FEA00984EE2 /* Products */ = {
			isa = PBXGroup;
			children = (
				ADD73C880FFAF320000FFF71 /* libjpen-2-2.jnilib */,
			);
			name = Products;
			sourceTree = "<group>";
		};
		FDC253270EC5226500984EE2 /* Resources */ = {
			isa = PBXGroup;
			children = (
			);
			name = Resources;
			sourceTree = "<group>";
		};
		FDC2546E0EC52A9A00984EE2 /* Frameworks */ = {
			isa = PBXGroup;
			children = (
				FDC2546A0EC52A7A00984EE2 /* Cocoa.framework */,
				FDC2546B0EC52A7A00984EE2 /* JavaVM.framework */,
				AD48204410C4CF6A00865987 /* Carbon.framework */,
			);
			name = Frameworks;
			sourceTree = "<group>";
		};
/* End PBXGroup section */

/* Begin PBXHeadersBuildPhase section */
		FDC254470EC5286700984EE2 /* Headers */ = {
			isa = PBXHeadersBuildPhase;
			buildActionMask = 2147483647;
			files = (
				ADD73C480FFAEEB1000FFF71 /* JRSwizzle.h in Headers */,
				AD945F9D10B65ED100DBDA5B /* NSDate_Additions.h in Headers */,
				ADA2EDD110CC7DCB009051D5 /* BuildNumber.h in Headers */,
			);
			runOnlyForDeploymentPostprocessing = 0;
		};
/* End PBXHeadersBuildPhase section */

/* Begin PBXNativeTarget section */
		FDC2544A0EC5286700984EE2 /* libjpen-2-2.jnilib */ = {
			isa = PBXNativeTarget;
			buildConfigurationList = FDC254500EC5287400984EE2 /* Build configuration list for PBXNativeTarget "libjpen-2-2.jnilib" */;
			buildPhases = (
				FDC254470EC5286700984EE2 /* Headers */,
				FDC254480EC5286700984EE2 /* Sources */,
				FDC254490EC5286700984EE2 /* Frameworks */,
				AD614C9D0FA610F400266935 /* Copy Files to Java Extensions */,
				ADA2EEE910CC85BA009051D5 /* CopyFiles */,
			);
			buildRules = (
			);
			dependencies = (
			);
			name = "libjpen-2-2.jnilib";
			productName = "jpen-2";
			productReference = ADD73C880FFAF320000FFF71 /* libjpen-2-2.jnilib */;
			productType = "com.apple.product-type.library.dynamic";
		};
/* End PBXNativeTarget section */

/* Begin PBXProject section */
		FDC252A40EC51E7600984EE2 /* Project object */ = {
			isa = PBXProject;
			buildConfigurationList = FDC252A70EC51E7600984EE2 /* Build configuration list for PBXProject "JPen-JNI-MacOSX" */;
			compatibilityVersion = "Xcode 2.4";
			hasScannedForEncodings = 0;
			mainGroup = FDC252A20EC51E7600984EE2;
			productRefGroup = FDC252BF0EC51FEA00984EE2 /* Products */;
			projectDirPath = "";
			projectRoot = "";
			targets = (
				FDC2544A0EC5286700984EE2 /* libjpen-2-2.jnilib */,
			);
		};
/* End PBXProject section */

/* Begin PBXSourcesBuildPhase section */
		FDC254480EC5286700984EE2 /* Sources */ = {
			isa = PBXSourcesBuildPhase;
			buildActionMask = 2147483647;
			files = (
				ADD73C490FFAEEB1000FFF71 /* JRSwizzle.m in Sources */,
				ADD73C4A0FFAEEB1000FFF71 /* osx_push_provider.m in Sources */,
				AD945F9E10B65ED100DBDA5B /* NSDate_Additions.m in Sources */,
			);
			runOnlyForDeploymentPostprocessing = 0;
		};
/* End PBXSourcesBuildPhase section */

/* Begin XCBuildConfiguration section */
		FDC252A50EC51E7600984EE2 /* Debug */ = {
			isa = XCBuildConfiguration;
			buildSettings = {
				ARCHS = "$(ARCHS_STANDARD_32_64_BIT_PRE_XCODE_3_1)";
				ARCHS_STANDARD_32_64_BIT_PRE_XCODE_3_1 = "x86_64 i386 ppc";
				COPY_PHASE_STRIP = NO;
				SDKROOT = /Developer/SDKs/MacOSX10.5.sdk;
				VALID_ARCHS = "i386 ppc x86_64";
			};
			name = Debug;
		};
		FDC252A60EC51E7600984EE2 /* Release */ = {
			isa = XCBuildConfiguration;
			buildSettings = {
				ARCHS = "$(ARCHS_STANDARD_32_64_BIT_PRE_XCODE_3_1)";
				ARCHS_STANDARD_32_64_BIT_PRE_XCODE_3_1 = "x86_64 i386 ppc";
				COPY_PHASE_STRIP = YES;
				SDKROOT = "$(DEVELOPER_SDK_DIR)/MacOSX10.6.sdk";
				VALID_ARCHS = "i386 ppc x86_64";
			};
			name = Release;
		};
		FDC2544C0EC5286700984EE2 /* Debug */ = {
			isa = XCBuildConfiguration;
			buildSettings = {
				ARCHS = "$(ARCHS_STANDARD_32_64_BIT_PRE_XCODE_3_1)";
				ARCHS_STANDARD_32_64_BIT_PRE_XCODE_3_1 = "ppc i386 ppc64 x86_64";
				COPY_PHASE_STRIP = NO;
				DYLIB_COMPATIBILITY_VERSION = 1;
				DYLIB_CURRENT_VERSION = 1;
				EXECUTABLE_EXTENSION = jnilib;
				EXECUTABLE_PREFIX = lib;
				GCC_DYNAMIC_NO_PIC = NO;
				GCC_ENABLE_FIX_AND_CONTINUE = YES;
				GCC_MODEL_TUNING = G5;
				GCC_OPTIMIZATION_LEVEL = 0;
				GCC_PRECOMPILE_PREFIX_HEADER = YES;
				GCC_PREFIX_HEADER = "$(SYSTEM_LIBRARY_DIR)/Frameworks/AppKit.framework/Headers/AppKit.h";
				HEADER_SEARCH_PATHS = "$(SDKROOT)/System/Library/Frameworks/JavaVM.framework/Headers";
				INSTALL_PATH = /usr/local/lib;
				OTHER_LDFLAGS = (
					"-framework",
					Foundation,
					"-framework",
					AppKit,
				);
				PREBINDING = NO;
				PRODUCT_NAME = "jpen-2";
				ZERO_LINK = YES;
			};
			name = Debug;
		};
		FDC2544D0EC5286700984EE2 /* Release */ = {
			isa = XCBuildConfiguration;
			buildSettings = {
				ARCHS = "$(ARCHS_STANDARD_32_64_BIT_PRE_XCODE_3_1)";
				ARCHS_STANDARD_32_64_BIT_PRE_XCODE_3_1 = "x86_64 i386 ppc";
				COPY_PHASE_STRIP = YES;
				DEBUG_INFORMATION_FORMAT = "dwarf-with-dsym";
				DYLIB_COMPATIBILITY_VERSION = 1;
				DYLIB_CURRENT_VERSION = 1;
				EXECUTABLE_EXTENSION = jnilib;
				EXECUTABLE_PREFIX = lib;
				GCC_ENABLE_FIX_AND_CONTINUE = NO;
				GCC_MODEL_TUNING = G5;
				GCC_PRECOMPILE_PREFIX_HEADER = YES;
				GCC_PREFIX_HEADER = "$(SYSTEM_LIBRARY_DIR)/Frameworks/AppKit.framework/Headers/AppKit.h";
				HEADER_SEARCH_PATHS = "$(SDKROOT)/System/Library/Frameworks/JavaVM.framework/Headers";
				INSTALL_PATH = /usr/local/lib;
				OTHER_LDFLAGS = (
					"-framework",
					Foundation,
					"-framework",
					AppKit,
				);
				PREBINDING = NO;
				PRODUCT_NAME = "jpen-2-2";
				SDKROOT = /Developer/SDKs/MacOSX10.5.sdk;
				ZERO_LINK = NO;
			};
			name = Release;
		};
/* End XCBuildConfiguration section */

/* Begin XCConfigurationList section */
		FDC252A70EC51E7600984EE2 /* Build configuration list for PBXProject "JPen-JNI-MacOSX" */ = {
			isa = XCConfigurationList;
			buildConfigurations = (
				FDC252A50EC51E7600984EE2 /* Debug */,
				FDC252A60EC51E7600984EE2 /* Release */,
			);
			defaultConfigurationIsVisible = 0;
			defaultConfigurationName = Release;
		};
		FDC254500EC5287400984EE2 /* Build configuration list for PBXNativeTarget "libjpen-2-2.jnilib" */ = {
			isa = XCConfigurationList;
			buildConfigurations = (
				FDC2544C0EC5286700984EE2 /* Debug */,
				FDC2544D0EC5286700984EE2 /* Release */,
			);
			defaultConfigurationIsVisible = 0;
			defaultConfigurationName = Release;
		};
/* End XCConfigurationList section */
	};
	rootObject = FDC252A40EC51E7600984EE2 /* Project object */;
}
